// !$*UTF8*$!
{
	archiveVersion = 1;
	classes = {
	};
	objectVersion = 56;
	objects = {

/* Begin PBXBuildFile section */
		A131512D29D3C1C40060882E /* defaultJersey.jpg in Resources */ = {isa = PBXBuildFile; fileRef = A131512C29D3C1C40060882E /* defaultJersey.jpg */; };
		A14CCFA529D3BA6E007B21BC /* JerseyApp.swift in Sources */ = {isa = PBXBuildFile; fileRef = A14CCFA429D3BA6E007B21BC /* JerseyApp.swift */; };
		A14CCFA729D3BA6E007B21BC /* ContentView.swift in Sources */ = {isa = PBXBuildFile; fileRef = A14CCFA629D3BA6E007B21BC /* ContentView.swift */; };
		A14CCFA929D3BA6F007B21BC /* Assets.xcassets in Resources */ = {isa = PBXBuildFile; fileRef = A14CCFA829D3BA6F007B21BC /* Assets.xcassets */; };
		A14CCFAC29D3BA6F007B21BC /* Preview Assets.xcassets in Resources */ = {isa = PBXBuildFile; fileRef = A14CCFAB29D3BA6F007B21BC /* Preview Assets.xcassets */; };
		A14CCFB629D3BA6F007B21BC /* JerseyTests.swift in Sources */ = {isa = PBXBuildFile; fileRef = A14CCFB529D3BA6F007B21BC /* JerseyTests.swift */; };
		A14CCFC029D3BA6F007B21BC /* JerseyUITests.swift in Sources */ = {isa = PBXBuildFile; fileRef = A14CCFBF29D3BA6F007B21BC /* JerseyUITests.swift */; };
		A14CCFC229D3BA6F007B21BC /* JerseyUITestsLaunchTests.swift in Sources */ = {isa = PBXBuildFile; fileRef = A14CCFC129D3BA6F007B21BC /* JerseyUITestsLaunchTests.swift */; };
		A15555FF29D3D07100F88307 /* LocalizationService.swift in Sources */ = {isa = PBXBuildFile; fileRef = A15555FE29D3D07100F88307 /* LocalizationService.swift */; };
		A155560129D3D28600F88307 /* Language.swift in Sources */ = {isa = PBXBuildFile; fileRef = A155560029D3D28600F88307 /* Language.swift */; };
		A155560429D3D43A00F88307 /* Localizable.strings in Resources */ = {isa = PBXBuildFile; fileRef = A155560629D3D43A00F88307 /* Localizable.strings */; };
/* End PBXBuildFile section */

/* Begin PBXContainerItemProxy section */
		A14CCFB229D3BA6F007B21BC /* PBXContainerItemProxy */ = {
			isa = PBXContainerItemProxy;
			containerPortal = A14CCF9929D3BA6E007B21BC /* Project object */;
			proxyType = 1;
			remoteGlobalIDString = A14CCFA029D3BA6E007B21BC;
			remoteInfo = Jersey;
		};
		A14CCFBC29D3BA6F007B21BC /* PBXContainerItemProxy */ = {
			isa = PBXContainerItemProxy;
			containerPortal = A14CCF9929D3BA6E007B21BC /* Project object */;
			proxyType = 1;
			remoteGlobalIDString = A14CCFA029D3BA6E007B21BC;
			remoteInfo = Jersey;
		};
/* End PBXContainerItemProxy section */

/* Begin PBXFileReference section */
		A131512C29D3C1C40060882E /* defaultJersey.jpg */ = {isa = PBXFileReference; lastKnownFileType = image.jpeg; name = defaultJersey.jpg; path = ../../../../Desktop/defaultJersey.jpg; sourceTree = "<group>"; };
		A14CCFA129D3BA6E007B21BC /* Jersey.app */ = {isa = PBXFileReference; explicitFileType = wrapper.application; includeInIndex = 0; path = Jersey.app; sourceTree = BUILT_PRODUCTS_DIR; };
		A14CCFA429D3BA6E007B21BC /* JerseyApp.swift */ = {isa = PBXFileReference; lastKnownFileType = sourcecode.swift; path = JerseyApp.swift; sourceTree = "<group>"; };
		A14CCFA629D3BA6E007B21BC /* ContentView.swift */ = {isa = PBXFileReference; lastKnownFileType = sourcecode.swift; path = ContentView.swift; sourceTree = "<group>"; };
		A14CCFA829D3BA6F007B21BC /* Assets.xcassets */ = {isa = PBXFileReference; lastKnownFileType = folder.assetcatalog; path = Assets.xcassets; sourceTree = "<group>"; };
		A14CCFAB29D3BA6F007B21BC /* Preview Assets.xcassets */ = {isa = PBXFileReference; lastKnownFileType = folder.assetcatalog; path = "Preview Assets.xcassets"; sourceTree = "<group>"; };
		A14CCFB129D3BA6F007B21BC /* JerseyTests.xctest */ = {isa = PBXFileReference; explicitFileType = wrapper.cfbundle; includeInIndex = 0; path = JerseyTests.xctest; sourceTree = BUILT_PRODUCTS_DIR; };
		A14CCFB529D3BA6F007B21BC /* JerseyTests.swift */ = {isa = PBXFileReference; lastKnownFileType = sourcecode.swift; path = JerseyTests.swift; sourceTree = "<group>"; };
		A14CCFBB29D3BA6F007B21BC /* JerseyUITests.xctest */ = {isa = PBXFileReference; explicitFileType = wrapper.cfbundle; includeInIndex = 0; path = JerseyUITests.xctest; sourceTree = BUILT_PRODUCTS_DIR; };
		A14CCFBF29D3BA6F007B21BC /* JerseyUITests.swift */ = {isa = PBXFileReference; lastKnownFileType = sourcecode.swift; path = JerseyUITests.swift; sourceTree = "<group>"; };
		A14CCFC129D3BA6F007B21BC /* JerseyUITestsLaunchTests.swift */ = {isa = PBXFileReference; lastKnownFileType = sourcecode.swift; path = JerseyUITestsLaunchTests.swift; sourceTree = "<group>"; };
		A15555FE29D3D07100F88307 /* LocalizationService.swift */ = {isa = PBXFileReference; lastKnownFileType = sourcecode.swift; path = LocalizationService.swift; sourceTree = "<group>"; };
		A155560029D3D28600F88307 /* Language.swift */ = {isa = PBXFileReference; lastKnownFileType = sourcecode.swift; path = Language.swift; sourceTree = "<group>"; };
		A155560529D3D43A00F88307 /* en */ = {isa = PBXFileReference; lastKnownFileType = text.plist.strings; name = en; path = en.lproj/Localizable.strings; sourceTree = "<group>"; };
		A155560729D3D43D00F88307 /* zh-Hans */ = {isa = PBXFileReference; lastKnownFileType = text.plist.strings; name = "zh-Hans"; path = "zh-Hans.lproj/Localizable.strings"; sourceTree = "<group>"; };
		A155560829D3D43F00F88307 /* zh-Hant */ = {isa = PBXFileReference; lastKnownFileType = text.plist.strings; name = "zh-Hant"; path = "zh-Hant.lproj/Localizable.strings"; sourceTree = "<group>"; };
/* End PBXFileReference section */

/* Begin PBXFrameworksBuildPhase section */
		A14CCF9E29D3BA6E007B21BC /* Frameworks */ = {
			isa = PBXFrameworksBuildPhase;
			buildActionMask = 2147483647;
			files = (
			);
			runOnlyForDeploymentPostprocessing = 0;
		};
		A14CCFAE29D3BA6F007B21BC /* Frameworks */ = {
			isa = PBXFrameworksBuildPhase;
			buildActionMask = 2147483647;
			files = (
			);
			runOnlyForDeploymentPostprocessing = 0;
		};
		A14CCFB829D3BA6F007B21BC /* Frameworks */ = {
			isa = PBXFrameworksBuildPhase;
			buildActionMask = 2147483647;
			files = (
			);
			runOnlyForDeploymentPostprocessing = 0;
		};
/* End PBXFrameworksBuildPhase section */

/* Begin PBXGroup section */
		A14CCF9829D3BA6E007B21BC = {
			isa = PBXGroup;
			children = (
				A14CCFA329D3BA6E007B21BC /* Jersey */,
				A14CCFB429D3BA6F007B21BC /* JerseyTests */,
				A14CCFBE29D3BA6F007B21BC /* JerseyUITests */,
				A14CCFA229D3BA6E007B21BC /* Products */,
			);
			sourceTree = "<group>";
		};
		A14CCFA229D3BA6E007B21BC /* Products */ = {
			isa = PBXGroup;
			children = (
				A14CCFA129D3BA6E007B21BC /* Jersey.app */,
				A14CCFB129D3BA6F007B21BC /* JerseyTests.xctest */,
				A14CCFBB29D3BA6F007B21BC /* JerseyUITests.xctest */,
			);
			name = Products;
			sourceTree = "<group>";
		};
		A14CCFA329D3BA6E007B21BC /* Jersey */ = {
			isa = PBXGroup;
			children = (
				A155560029D3D28600F88307 /* Language.swift */,
				A131512C29D3C1C40060882E /* defaultJersey.jpg */,
				A15555FE29D3D07100F88307 /* LocalizationService.swift */,
				A14CCFA429D3BA6E007B21BC /* JerseyApp.swift */,
				A14CCFA629D3BA6E007B21BC /* ContentView.swift */,
				A14CCFA829D3BA6F007B21BC /* Assets.xcassets */,
				A14CCFAA29D3BA6F007B21BC /* Preview Content */,
				A155560629D3D43A00F88307 /* Localizable.strings */,
			);
			path = Jersey;
			sourceTree = "<group>";
		};
		A14CCFAA29D3BA6F007B21BC /* Preview Content */ = {
			isa = PBXGroup;
			children = (
				A14CCFAB29D3BA6F007B21BC /* Preview Assets.xcassets */,
			);
			path = "Preview Content";
			sourceTree = "<group>";
		};
		A14CCFB429D3BA6F007B21BC /* JerseyTests */ = {
			isa = PBXGroup;
			children = (
				A14CCFB529D3BA6F007B21BC /* JerseyTests.swift */,
			);
			path = JerseyTests;
			sourceTree = "<group>";
		};
		A14CCFBE29D3BA6F007B21BC /* JerseyUITests */ = {
			isa = PBXGroup;
			children = (
				A14CCFBF29D3BA6F007B21BC /* JerseyUITests.swift */,
				A14CCFC129D3BA6F007B21BC /* JerseyUITestsLaunchTests.swift */,
			);
			path = JerseyUITests;
			sourceTree = "<group>";
		};
/* End PBXGroup section */

/* Begin PBXNativeTarget section */
		A14CCFA029D3BA6E007B21BC /* Jersey */ = {
			isa = PBXNativeTarget;
			buildConfigurationList = A14CCFC529D3BA6F007B21BC /* Build configuration list for PBXNativeTarget "Jersey" */;
			buildPhases = (
				A14CCF9D29D3BA6E007B21BC /* Sources */,
				A14CCF9E29D3BA6E007B21BC /* Frameworks */,
				A14CCF9F29D3BA6E007B21BC /* Resources */,
			);
			buildRules = (
			);
			dependencies = (
			);
			name = Jersey;
			productName = Jersey;
			productReference = A14CCFA129D3BA6E007B21BC /* Jersey.app */;
			productType = "com.apple.product-type.application";
		};
		A14CCFB029D3BA6F007B21BC /* JerseyTests */ = {
			isa = PBXNativeTarget;
			buildConfigurationList = A14CCFC829D3BA6F007B21BC /* Build configuration list for PBXNativeTarget "JerseyTests" */;
			buildPhases = (
				A14CCFAD29D3BA6F007B21BC /* Sources */,
				A14CCFAE29D3BA6F007B21BC /* Frameworks */,
				A14CCFAF29D3BA6F007B21BC /* Resources */,
			);
			buildRules = (
			);
			dependencies = (
				A14CCFB329D3BA6F007B21BC /* PBXTargetDependency */,
			);
			name = JerseyTests;
			productName = JerseyTests;
			productReference = A14CCFB129D3BA6F007B21BC /* JerseyTests.xctest */;
			productType = "com.apple.product-type.bundle.unit-test";
		};
		A14CCFBA29D3BA6F007B21BC /* JerseyUITests */ = {
			isa = PBXNativeTarget;
			buildConfigurationList = A14CCFCB29D3BA6F007B21BC /* Build configuration list for PBXNativeTarget "JerseyUITests" */;
			buildPhases = (
				A14CCFB729D3BA6F007B21BC /* Sources */,
				A14CCFB829D3BA6F007B21BC /* Frameworks */,
				A14CCFB929D3BA6F007B21BC /* Resources */,
			);
			buildRules = (
			);
			dependencies = (
				A14CCFBD29D3BA6F007B21BC /* PBXTargetDependency */,
			);
			name = JerseyUITests;
			productName = JerseyUITests;
			productReference = A14CCFBB29D3BA6F007B21BC /* JerseyUITests.xctest */;
			productType = "com.apple.product-type.bundle.ui-testing";
		};
/* End PBXNativeTarget section */

/* Begin PBXProject section */
		A14CCF9929D3BA6E007B21BC /* Project object */ = {
			isa = PBXProject;
			attributes = {
				BuildIndependentTargetsInParallel = 1;
				LastSwiftUpdateCheck = 1430;
				LastUpgradeCheck = 1430;
				TargetAttributes = {
					A14CCFA029D3BA6E007B21BC = {
						CreatedOnToolsVersion = 14.3;
					};
					A14CCFB029D3BA6F007B21BC = {
						CreatedOnToolsVersion = 14.3;
						TestTargetID = A14CCFA029D3BA6E007B21BC;
					};
					A14CCFBA29D3BA6F007B21BC = {
						CreatedOnToolsVersion = 14.3;
						TestTargetID = A14CCFA029D3BA6E007B21BC;
					};
				};
			};
			buildConfigurationList = A14CCF9C29D3BA6E007B21BC /* Build configuration list for PBXProject "Jersey" */;
			compatibilityVersion = "Xcode 14.0";
			developmentRegion = en;
			hasScannedForEncodings = 0;
			knownRegions = (
				en,
				Base,
				"zh-Hans",
				"zh-Hant",
			);
			mainGroup = A14CCF9829D3BA6E007B21BC;
			productRefGroup = A14CCFA229D3BA6E007B21BC /* Products */;
			projectDirPath = "";
			projectRoot = "";
			targets = (
				A14CCFA029D3BA6E007B21BC /* Jersey */,
				A14CCFB029D3BA6F007B21BC /* JerseyTests */,
				A14CCFBA29D3BA6F007B21BC /* JerseyUITests */,
			);
		};
/* End PBXProject section */

/* Begin PBXResourcesBuildPhase section */
		A14CCF9F29D3BA6E007B21BC /* Resources */ = {
			isa = PBXResourcesBuildPhase;
			buildActionMask = 2147483647;
			files = (
				A131512D29D3C1C40060882E /* defaultJersey.jpg in Resources */,
				A155560429D3D43A00F88307 /* Localizable.strings in Resources */,
				A14CCFAC29D3BA6F007B21BC /* Preview Assets.xcassets in Resources */,
				A14CCFA929D3BA6F007B21BC /* Assets.xcassets in Resources */,
			);
			runOnlyForDeploymentPostprocessing = 0;
		};
		A14CCFAF29D3BA6F007B21BC /* Resources */ = {
			isa = PBXResourcesBuildPhase;
			buildActionMask = 2147483647;
			files = (
			);
			runOnlyForDeploymentPostprocessing = 0;
		};
		A14CCFB929D3BA6F007B21BC /* Resources */ = {
			isa = PBXResourcesBuildPhase;
			buildActionMask = 2147483647;
			files = (
			);
			runOnlyForDeploymentPostprocessing = 0;
		};
/* End PBXResourcesBuildPhase section */

/* Begin PBXSourcesBuildPhase section */
		A14CCF9D29D3BA6E007B21BC /* Sources */ = {
			isa = PBXSourcesBuildPhase;
			buildActionMask = 2147483647;
			files = (
				A14CCFA729D3BA6E007B21BC /* ContentView.swift in Sources */,
				A155560129D3D28600F88307 /* Language.swift in Sources */,
				A14CCFA529D3BA6E007B21BC /* JerseyApp.swift in Sources */,
				A15555FF29D3D07100F88307 /* LocalizationService.swift in Sources */,
			);
			runOnlyForDeploymentPostprocessing = 0;
		};
		A14CCFAD29D3BA6F007B21BC /* Sources */ = {
			isa = PBXSourcesBuildPhase;
			buildActionMask = 2147483647;
			files = (
				A14CCFB629D3BA6F007B21BC /* JerseyTests.swift in Sources */,
			);
			runOnlyForDeploymentPostprocessing = 0;
		};
		A14CCFB729D3BA6F007B21BC /* Sources */ = {
			isa = PBXSourcesBuildPhase;
			buildActionMask = 2147483647;
			files = (
				A14CCFC229D3BA6F007B21BC /* JerseyUITestsLaunchTests.swift in Sources */,
				A14CCFC029D3BA6F007B21BC /* JerseyUITests.swift in Sources */,
			);
			runOnlyForDeploymentPostprocessing = 0;
		};
/* End PBXSourcesBuildPhase section */

/* Begin PBXTargetDependency section */
		A14CCFB329D3BA6F007B21BC /* PBXTargetDependency */ = {
			isa = PBXTargetDependency;
			target = A14CCFA029D3BA6E007B21BC /* Jersey */;
			targetProxy = A14CCFB229D3BA6F007B21BC /* PBXContainerItemProxy */;
		};
		A14CCFBD29D3BA6F007B21BC /* PBXTargetDependency */ = {
			isa = PBXTargetDependency;
			target = A14CCFA029D3BA6E007B21BC /* Jersey */;
			targetProxy = A14CCFBC29D3BA6F007B21BC /* PBXContainerItemProxy */;
		};
/* End PBXTargetDependency section */

/* Begin PBXVariantGroup section */
		A155560629D3D43A00F88307 /* Localizable.strings */ = {
			isa = PBXVariantGroup;
			children = (
				A155560529D3D43A00F88307 /* en */,
				A155560729D3D43D00F88307 /* zh-Hans */,
				A155560829D3D43F00F88307 /* zh-Hant */,
			);
			name = Localizable.strings;
			sourceTree = "<group>";
		};
/* End PBXVariantGroup section */

/* Begin XCBuildConfiguration section */
		A14CCFC329D3BA6F007B21BC /* Debug */ = {
			isa = XCBuildConfiguration;
			buildSettings = {
				ALWAYS_SEARCH_USER_PATHS = NO;
				CLANG_ANALYZER_NONNULL = YES;
				CLANG_ANALYZER_NUMBER_OBJECT_CONVERSION = YES_AGGRESSIVE;
				CLANG_CXX_LANGUAGE_STANDARD = "gnu++20";
				CLANG_ENABLE_MODULES = YES;
				CLANG_ENABLE_OBJC_ARC = YES;
				CLANG_ENABLE_OBJC_WEAK = YES;
				CLANG_WARN_BLOCK_CAPTURE_AUTORELEASING = YES;
				CLANG_WARN_BOOL_CONVERSION = YES;
				CLANG_WARN_COMMA = YES;
				CLANG_WARN_CONSTANT_CONVERSION = YES;
				CLANG_WARN_DEPRECATED_OBJC_IMPLEMENTATIONS = YES;
				CLANG_WARN_DIRECT_OBJC_ISA_USAGE = YES_ERROR;
				CLANG_WARN_DOCUMENTATION_COMMENTS = YES;
				CLANG_WARN_EMPTY_BODY = YES;
				CLANG_WARN_ENUM_CONVERSION = YES;
				CLANG_WARN_INFINITE_RECURSION = YES;
				CLANG_WARN_INT_CONVERSION = YES;
				CLANG_WARN_NON_LITERAL_NULL_CONVERSION = YES;
				CLANG_WARN_OBJC_IMPLICIT_RETAIN_SELF = YES;
				CLANG_WARN_OBJC_LITERAL_CONVERSION = YES;
				CLANG_WARN_OBJC_ROOT_CLASS = YES_ERROR;
				CLANG_WARN_QUOTED_INCLUDE_IN_FRAMEWORK_HEADER = YES;
				CLANG_WARN_RANGE_LOOP_ANALYSIS = YES;
				CLANG_WARN_STRICT_PROTOTYPES = YES;
				CLANG_WARN_SUSPICIOUS_MOVE = YES;
				CLANG_WARN_UNGUARDED_AVAILABILITY = YES_AGGRESSIVE;
				CLANG_WARN_UNREACHABLE_CODE = YES;
				CLANG_WARN__DUPLICATE_METHOD_MATCH = YES;
				COPY_PHASE_STRIP = NO;
				DEBUG_INFORMATION_FORMAT = dwarf;
				ENABLE_STRICT_OBJC_MSGSEND = YES;
				ENABLE_TESTABILITY = YES;
				GCC_C_LANGUAGE_STANDARD = gnu11;
				GCC_DYNAMIC_NO_PIC = NO;
				GCC_NO_COMMON_BLOCKS = YES;
				GCC_OPTIMIZATION_LEVEL = 0;
				GCC_PREPROCESSOR_DEFINITIONS = (
					"DEBUG=1",
					"$(inherited)",
				);
				GCC_WARN_64_TO_32_BIT_CONVERSION = YES;
				GCC_WARN_ABOUT_RETURN_TYPE = YES_ERROR;
				GCC_WARN_UNDECLARED_SELECTOR = YES;
				GCC_WARN_UNINITIALIZED_AUTOS = YES_AGGRESSIVE;
				GCC_WARN_UNUSED_FUNCTION = YES;
				GCC_WARN_UNUSED_VARIABLE = YES;
				IPHONEOS_DEPLOYMENT_TARGET = 16.4;
				MTL_ENABLE_DEBUG_INFO = INCLUDE_SOURCE;
				MTL_FAST_MATH = YES;
				ONLY_ACTIVE_ARCH = YES;
				SDKROOT = iphoneos;
				SWIFT_ACTIVE_COMPILATION_CONDITIONS = DEBUG;
				SWIFT_OPTIMIZATION_LEVEL = "-Onone";
			};
			name = Debug;
		};
		A14CCFC429D3BA6F007B21BC /* Release */ = {
			isa = XCBuildConfiguration;
			buildSettings = {
				ALWAYS_SEARCH_USER_PATHS = NO;
				CLANG_ANALYZER_NONNULL = YES;
				CLANG_ANALYZER_NUMBER_OBJECT_CONVERSION = YES_AGGRESSIVE;
				CLANG_CXX_LANGUAGE_STANDARD = "gnu++20";
				CLANG_ENABLE_MODULES = YES;
				CLANG_ENABLE_OBJC_ARC = YES;
				CLANG_ENABLE_OBJC_WEAK = YES;
				CLANG_WARN_BLOCK_CAPTURE_AUTORELEASING = YES;
				CLANG_WARN_BOOL_CONVERSION = YES;
				CLANG_WARN_COMMA = YES;
				CLANG_WARN_CONSTANT_CONVERSION = YES;
				CLANG_WARN_DEPRECATED_OBJC_IMPLEMENTATIONS = YES;
				CLANG_WARN_DIRECT_OBJC_ISA_USAGE = YES_ERROR;
				CLANG_WARN_DOCUMENTATION_COMMENTS = YES;
				CLANG_WARN_EMPTY_BODY = YES;
				CLANG_WARN_ENUM_CONVERSION = YES;
				CLANG_WARN_INFINITE_RECURSION = YES;
				CLANG_WARN_INT_CONVERSION = YES;
				CLANG_WARN_NON_LITERAL_NULL_CONVERSION = YES;
				CLANG_WARN_OBJC_IMPLICIT_RETAIN_SELF = YES;
				CLANG_WARN_OBJC_LITERAL_CONVERSION = YES;
				CLANG_WARN_OBJC_ROOT_CLASS = YES_ERROR;
				CLANG_WARN_QUOTED_INCLUDE_IN_FRAMEWORK_HEADER = YES;
				CLANG_WARN_RANGE_LOOP_ANALYSIS = YES;
				CLANG_WARN_STRICT_PROTOTYPES = YES;
				CLANG_WARN_SUSPICIOUS_MOVE = YES;
				CLANG_WARN_UNGUARDED_AVAILABILITY = YES_AGGRESSIVE;
				CLANG_WARN_UNREACHABLE_CODE = YES;
				CLANG_WARN__DUPLICATE_METHOD_MATCH = YES;
				COPY_PHASE_STRIP = NO;
				DEBUG_INFORMATION_FORMAT = "dwarf-with-dsym";
				ENABLE_NS_ASSERTIONS = NO;
				ENABLE_STRICT_OBJC_MSGSEND = YES;
				GCC_C_LANGUAGE_STANDARD = gnu11;
				GCC_NO_COMMON_BLOCKS = YES;
				GCC_WARN_64_TO_32_BIT_CONVERSION = YES;
				GCC_WARN_ABOUT_RETURN_TYPE = YES_ERROR;
				GCC_WARN_UNDECLARED_SELECTOR = YES;
				GCC_WARN_UNINITIALIZED_AUTOS = YES_AGGRESSIVE;
				GCC_WARN_UNUSED_FUNCTION = YES;
				GCC_WARN_UNUSED_VARIABLE = YES;
				IPHONEOS_DEPLOYMENT_TARGET = 16.4;
				MTL_ENABLE_DEBUG_INFO = NO;
				MTL_FAST_MATH = YES;
				SDKROOT = iphoneos;
				SWIFT_COMPILATION_MODE = wholemodule;
				SWIFT_OPTIMIZATION_LEVEL = "-O";
				VALIDATE_PRODUCT = YES;
			};
			name = Release;
		};
		A14CCFC629D3BA6F007B21BC /* Debug */ = {
			isa = XCBuildConfiguration;
			buildSettings = {
				ASSETCATALOG_COMPILER_APPICON_NAME = AppIcon;
				ASSETCATALOG_COMPILER_GLOBAL_ACCENT_COLOR_NAME = AccentColor;
				CODE_SIGN_STYLE = Automatic;
				CURRENT_PROJECT_VERSION = 1;
				DEVELOPMENT_ASSET_PATHS = "\"Jersey/Preview Content\"";
				DEVELOPMENT_TEAM = 6Z3LZX7N42;
				ENABLE_PREVIEWS = YES;
				GENERATE_INFOPLIST_FILE = YES;
				INFOPLIST_KEY_NSCameraUsageDescription = "";
				INFOPLIST_KEY_NSPhotoLibraryAddUsageDescription = "";
				INFOPLIST_KEY_NSPhotoLibraryUsageDescription = "";
				INFOPLIST_KEY_UIApplicationSceneManifest_Generation = YES;
				INFOPLIST_KEY_UIApplicationSupportsIndirectInputEvents = YES;
				INFOPLIST_KEY_UILaunchScreen_Generation = YES;
				INFOPLIST_KEY_UISupportedInterfaceOrientations_iPad = "UIInterfaceOrientationPortrait UIInterfaceOrientationPortraitUpsideDown UIInterfaceOrientationLandscapeLeft UIInterfaceOrientationLandscapeRight";
				INFOPLIST_KEY_UISupportedInterfaceOrientations_iPhone = "UIInterfaceOrientationPortrait UIInterfaceOrientationLandscapeLeft UIInterfaceOrientationLandscapeRight";
				LD_RUNPATH_SEARCH_PATHS = (
					"$(inherited)",
					"@executable_path/Frameworks",
				);
				MARKETING_VERSION = 1.0;
				PRODUCT_BUNDLE_IDENTIFIER = com.andyyuyc.Jersey;
				PRODUCT_NAME = "$(TARGET_NAME)";
				SWIFT_EMIT_LOC_STRINGS = YES;
				SWIFT_VERSION = 5.0;
				TARGETED_DEVICE_FAMILY = "1,2";
			};
			name = Debug;
		};
		A14CCFC729D3BA6F007B21BC /* Release */ = {
			isa = XCBuildConfiguration;
			buildSettings = {
				ASSETCATALOG_COMPILER_APPICON_NAME = AppIcon;
				ASSETCATALOG_COMPILER_GLOBAL_ACCENT_COLOR_NAME = AccentColor;
				CODE_SIGN_STYLE = Automatic;
				CURRENT_PROJECT_VERSION = 1;
				DEVELOPMENT_ASSET_PATHS = "\"Jersey/Preview Content\"";
				DEVELOPMENT_TEAM = 6Z3LZX7N42;
				ENABLE_PREVIEWS = YES;
				GENERATE_INFOPLIST_FILE = YES;
				INFOPLIST_KEY_NSCameraUsageDescription = "";
				INFOPLIST_KEY_NSPhotoLibraryAddUsageDescription = "";
				INFOPLIST_KEY_NSPhotoLibraryUsageDescription = "";
				INFOPLIST_KEY_UIApplicationSceneManifest_Generation = YES;
				INFOPLIST_KEY_UIApplicationSupportsIndirectInputEvents = YES;
				INFOPLIST_KEY_UILaunchScreen_Generation = YES;
				INFOPLIST_KEY_UISupportedInterfaceOrientations_iPad = "UIInterfaceOrientationPortrait UIInterfaceOrientationPortraitUpsideDown UIInterfaceOrientationLandscapeLeft UIInterfaceOrientationLandscapeRight";
				INFOPLIST_KEY_UISupportedInterfaceOrientations_iPhone = "UIInterfaceOrientationPortrait UIInterfaceOrientationLandscapeLeft UIInterfaceOrientationLandscapeRight";
				LD_RUNPATH_SEARCH_PATHS = (
					"$(inherited)",
					"@executable_path/Frameworks",
				);
				MARKETING_VERSION = 1.0;
				PRODUCT_BUNDLE_IDENTIFIER = com.andyyuyc.Jersey;
				PRODUCT_NAME = "$(TARGET_NAME)";
				SWIFT_EMIT_LOC_STRINGS = YES;
				SWIFT_VERSION = 5.0;
				TARGETED_DEVICE_FAMILY = "1,2";
			};
			name = Release;
		};
		A14CCFC929D3BA6F007B21BC /* Debug */ = {
			isa = XCBuildConfiguration;
			buildSettings = {
				ALWAYS_EMBED_SWIFT_STANDARD_LIBRARIES = YES;
				BUNDLE_LOADER = "$(TEST_HOST)";
				CODE_SIGN_STYLE = Automatic;
				CURRENT_PROJECT_VERSION = 1;
				DEVELOPMENT_TEAM = 6Z3LZX7N42;
				GENERATE_INFOPLIST_FILE = YES;
				IPHONEOS_DEPLOYMENT_TARGET = 16.4;
				MARKETING_VERSION = 1.0;
				PRODUCT_BUNDLE_IDENTIFIER = com.andyyuyc.JerseyTests;
				PRODUCT_NAME = "$(TARGET_NAME)";
				SWIFT_EMIT_LOC_STRINGS = NO;
				SWIFT_VERSION = 5.0;
				TARGETED_DEVICE_FAMILY = "1,2";
				TEST_HOST = "$(BUILT_PRODUCTS_DIR)/Jersey.app/$(BUNDLE_EXECUTABLE_FOLDER_PATH)/Jersey";
			};
			name = Debug;
		};
		A14CCFCA29D3BA6F007B21BC /* Release */ = {
			isa = XCBuildConfiguration;
			buildSettings = {
				ALWAYS_EMBED_SWIFT_STANDARD_LIBRARIES = YES;
				BUNDLE_LOADER = "$(TEST_HOST)";
				CODE_SIGN_STYLE = Automatic;
				CURRENT_PROJECT_VERSION = 1;
				DEVELOPMENT_TEAM = 6Z3LZX7N42;
				GENERATE_INFOPLIST_FILE = YES;
				IPHONEOS_DEPLOYMENT_TARGET = 16.4;
				MARKETING_VERSION = 1.0;
				PRODUCT_BUNDLE_IDENTIFIER = com.andyyuyc.JerseyTests;
				PRODUCT_NAME = "$(TARGET_NAME)";
				SWIFT_EMIT_LOC_STRINGS = NO;
				SWIFT_VERSION = 5.0;
				TARGETED_DEVICE_FAMILY = "1,2";
				TEST_HOST = "$(BUILT_PRODUCTS_DIR)/Jersey.app/$(BUNDLE_EXECUTABLE_FOLDER_PATH)/Jersey";
			};
			name = Release;
		};
		A14CCFCC29D3BA6F007B21BC /* Debug */ = {
			isa = XCBuildConfiguration;
			buildSettings = {
				ALWAYS_EMBED_SWIFT_STANDARD_LIBRARIES = YES;
				CODE_SIGN_STYLE = Automatic;
				CURRENT_PROJECT_VERSION = 1;
				DEVELOPMENT_TEAM = 6Z3LZX7N42;
				GENERATE_INFOPLIST_FILE = YES;
				MARKETING_VERSION = 1.0;
				PRODUCT_BUNDLE_IDENTIFIER = com.andyyuyc.JerseyUITests;
				PRODUCT_NAME = "$(TARGET_NAME)";
				SWIFT_EMIT_LOC_STRINGS = NO;
				SWIFT_VERSION = 5.0;
				TARGETED_DEVICE_FAMILY = "1,2";
				TEST_TARGET_NAME = Jersey;
			};
			name = Debug;
		};
		A14CCFCD29D3BA6F007B21BC /* Release */ = {
			isa = XCBuildConfiguration;
			buildSettings = {
				ALWAYS_EMBED_SWIFT_STANDARD_LIBRARIES = YES;
				CODE_SIGN_STYLE = Automatic;
				CURRENT_PROJECT_VERSION = 1;
				DEVELOPMENT_TEAM = 6Z3LZX7N42;
				GENERATE_INFOPLIST_FILE = YES;
				MARKETING_VERSION = 1.0;
				PRODUCT_BUNDLE_IDENTIFIER = com.andyyuyc.JerseyUITests;
				PRODUCT_NAME = "$(TARGET_NAME)";
				SWIFT_EMIT_LOC_STRINGS = NO;
				SWIFT_VERSION = 5.0;
				TARGETED_DEVICE_FAMILY = "1,2";
				TEST_TARGET_NAME = Jersey;
			};
			name = Release;
		};
/* End XCBuildConfiguration section */

/* Begin XCConfigurationList section */
		A14CCF9C29D3BA6E007B21BC /* Build configuration list for PBXProject "Jersey" */ = {
			isa = XCConfigurationList;
			buildConfigurations = (
				A14CCFC329D3BA6F007B21BC /* Debug */,
				A14CCFC429D3BA6F007B21BC /* Release */,
			);
			defaultConfigurationIsVisible = 0;
			defaultConfigurationName = Release;
		};
		A14CCFC529D3BA6F007B21BC /* Build configuration list for PBXNativeTarget "Jersey" */ = {
			isa = XCConfigurationList;
			buildConfigurations = (
				A14CCFC629D3BA6F007B21BC /* Debug */,
				A14CCFC729D3BA6F007B21BC /* Release */,
			);
			defaultConfigurationIsVisible = 0;
			defaultConfigurationName = Release;
		};
		A14CCFC829D3BA6F007B21BC /* Build configuration list for PBXNativeTarget "JerseyTests" */ = {
			isa = XCConfigurationList;
			buildConfigurations = (
				A14CCFC929D3BA6F007B21BC /* Debug */,
				A14CCFCA29D3BA6F007B21BC /* Release */,
			);
			defaultConfigurationIsVisible = 0;
			defaultConfigurationName = Release;
		};
		A14CCFCB29D3BA6F007B21BC /* Build configuration list for PBXNativeTarget "JerseyUITests" */ = {
			isa = XCConfigurationList;
			buildConfigurations = (
				A14CCFCC29D3BA6F007B21BC /* Debug */,
				A14CCFCD29D3BA6F007B21BC /* Release */,
			);
			defaultConfigurationIsVisible = 0;
			defaultConfigurationName = Release;
		};
/* End XCConfigurationList section */
	};
	rootObject = A14CCF9929D3BA6E007B21BC /* Project object */;
}
